// !$*UTF8*$!
{
	archiveVersion = 1;
	classes = {
	};
	objectVersion = 46;
	objects = {

/* Begin PBXBuildFile section */
		28D5CFA71DAE19B10080D9DD /* AppDelegate.swift in Sources */ = {isa = PBXBuildFile; fileRef = 28D5CFA61DAE19B10080D9DD /* AppDelegate.swift */; };
		28D5CFA91DAE19B10080D9DD /* ViewController.swift in Sources */ = {isa = PBXBuildFile; fileRef = 28D5CFA81DAE19B10080D9DD /* ViewController.swift */; };
		28D5CFAC1DAE19B10080D9DD /* Main.storyboard in Resources */ = {isa = PBXBuildFile; fileRef = 28D5CFAA1DAE19B10080D9DD /* Main.storyboard */; };
		28D5CFAE1DAE19B10080D9DD /* Assets.xcassets in Resources */ = {isa = PBXBuildFile; fileRef = 28D5CFAD1DAE19B10080D9DD /* Assets.xcassets */; };
		28D5CFB11DAE19B10080D9DD /* LaunchScreen.storyboard in Resources */ = {isa = PBXBuildFile; fileRef = 28D5CFAF1DAE19B10080D9DD /* LaunchScreen.storyboard */; };
/* End PBXBuildFile section */

/* Begin PBXFileReference section */
		28D5CFA31DAE19B10080D9DD /* AutolayoutTestTwo.app */ = {isa = PBXFileReference; explicitFileType = wrapper.application; includeInIndex = 0; path = AutolayoutTestTwo.app; sourceTree = BUILT_PRODUCTS_DIR; };
		28D5CFA61DAE19B10080D9DD /* AppDelegate.swift */ = {isa = PBXFileReference; lastKnownFileType = sourcecode.swift; path = AppDelegate.swift; sourceTree = "<group>"; };
		28D5CFA81DAE19B10080D9DD /* ViewController.swift */ = {isa = PBXFileReference; lastKnownFileType = sourcecode.swift; path = ViewController.swift; sourceTree = "<group>"; };
		28D5CFAB1DAE19B10080D9DD /* Base */ = {isa = PBXFileReference; lastKnownFileType = file.storyboard; name = Base; path = Base.lproj/Main.storyboard; sourceTree = "<group>"; };
		28D5CFAD1DAE19B10080D9DD /* Assets.xcassets */ = {isa = PBXFileReference; lastKnownFileType = folder.assetcatalog; path = Assets.xcassets; sourceTree = "<group>"; };
		28D5CFB01DAE19B10080D9DD /* Base */ = {isa = PBXFileReference; lastKnownFileType = file.storyboard; name = Base; path = Base.lproj/LaunchScreen.storyboard; sourceTree = "<group>"; };
		28D5CFB21DAE19B10080D9DD /* Info.plist */ = {isa = PBXFileReference; lastKnownFileType = text.plist.xml; path = Info.plist; sourceTree = "<group>"; };
/* End PBXFileReference section */

/* Begin PBXFrameworksBuildPhase section */
		28D5CFA01DAE19B10080D9DD /* Frameworks */ = {
			isa = PBXFrameworksBuildPhase;
			buildActionMask = 2147483647;
			files = (
			);
			runOnlyForDeploymentPostprocessing = 0;
		};
/* End PBXFrameworksBuildPhase section */

/* Begin PBXGroup section */
		28D5CF9A1DAE19B10080D9DD = {
			isa = PBXGroup;
			children = (
				28D5CFA51DAE19B10080D9DD /* AutolayoutTestTwo */,
				28D5CFA41DAE19B10080D9DD /* Products */,
			);
			sourceTree = "<group>";
		};
		28D5CFA41DAE19B10080D9DD /* Products */ = {
			isa = PBXGroup;
			children = (
				28D5CFA31DAE19B10080D9DD /* AutolayoutTestTwo.app */,
			);
			name = Products;
			sourceTree = "<group>";
		};
		28D5CFA51DAE19B10080D9DD /* AutolayoutTestTwo */ = {
			isa = PBXGroup;
			children = (
				28D5CFA61DAE19B10080D9DD /* AppDelegate.swift */,
				28D5CFA81DAE19B10080D9DD /* ViewController.swift */,
				28D5CFAA1DAE19B10080D9DD /* Main.storyboard */,
				28D5CFAD1DAE19B10080D9DD /* Assets.xcassets */,
				28D5CFAF1DAE19B10080D9DD /* LaunchScreen.storyboard */,
				28D5CFB21DAE19B10080D9DD /* Info.plist */,
			);
			path = AutolayoutTestTwo;
			sourceTree = "<group>";
		};
/* End PBXGroup section */

/* Begin PBXNativeTarget section */
		28D5CFA21DAE19B10080D9DD /* AutolayoutTestTwo */ = {
			isa = PBXNativeTarget;
			buildConfigurationList = 28D5CFB51DAE19B10080D9DD /* Build configuration list for PBXNativeTarget "AutolayoutTestTwo" */;
			buildPhases = (
				28D5CF9F1DAE19B10080D9DD /* Sources */,
				28D5CFA01DAE19B10080D9DD /* Frameworks */,
				28D5CFA11DAE19B10080D9DD /* Resources */,
			);
			buildRules = (
			);
			dependencies = (
			);
			name = AutolayoutTestTwo;
			productName = AutolayoutTestTwo;
			productReference = 28D5CFA31DAE19B10080D9DD /* AutolayoutTestTwo.app */;
			productType = "com.apple.product-type.application";
		};
/* End PBXNativeTarget section */

/* Begin PBXProject section */
		28D5CF9B1DAE19B10080D9DD /* Project object */ = {
			isa = PBXProject;
			attributes = {
				LastSwiftUpdateCheck = 0800;
				LastUpgradeCheck = 1330;
				ORGANIZATIONNAME = jaki;
				TargetAttributes = {
					28D5CFA21DAE19B10080D9DD = {
						CreatedOnToolsVersion = 8.0;
						DevelopmentTeam = CKUF38R4M7;
						ProvisioningStyle = Automatic;
					};
				};
			};
			buildConfigurationList = 28D5CF9E1DAE19B10080D9DD /* Build configuration list for PBXProject "AutolayoutTestTwo" */;
			compatibilityVersion = "Xcode 3.2";
			developmentRegion = en;
			hasScannedForEncodings = 0;
			knownRegions = (
				en,
				Base,
			);
			mainGroup = 28D5CF9A1DAE19B10080D9DD;
			productRefGroup = 28D5CFA41DAE19B10080D9DD /* Products */;
			projectDirPath = "";
			projectRoot = "";
			targets = (
				28D5CFA21DAE19B10080D9DD /* AutolayoutTestTwo */,
			);
		};
/* End PBXProject section */

/* Begin PBXResourcesBuildPhase section */
		28D5CFA11DAE19B10080D9DD /* Resources */ = {
			isa = PBXResourcesBuildPhase;
			buildActionMask = 2147483647;
			files = (
				28D5CFB11DAE19B10080D9DD /* LaunchScreen.storyboard in Resources */,
				28D5CFAE1DAE19B10080D9DD /* Assets.xcassets in Resources */,
				28D5CFAC1DAE19B10080D9DD /* Main.storyboard in Resources */,
			);
			runOnlyForDeploymentPostprocessing = 0;
		};
/* End PBXResourcesBuildPhase section */

/* Begin PBXSourcesBuildPhase section */
		28D5CF9F1DAE19B10080D9DD /* Sources */ = {
			isa = PBXSourcesBuildPhase;
			buildActionMask = 2147483647;
			files = (
				28D5CFA91DAE19B10080D9DD /* ViewController.swift in Sources */,
				28D5CFA71DAE19B10080D9DD /* AppDelegate.swift in Sources */,
			);
			runOnlyForDeploymentPostprocessing = 0;
		};
/* End PBXSourcesBuildPhase section */

/* Begin PBXVariantGroup section */
		28D5CFAA1DAE19B10080D9DD /* Main.storyboard */ = {
			isa = PBXVariantGroup;
			children = (
				28D5CFAB1DAE19B10080D9DD /* Base */,
			);
			name = Main.storyboard;
			sourceTree = "<group>";
		};
		28D5CFAF1DAE19B10080D9DD /* LaunchScreen.storyboard */ = {
			isa = PBXVariantGroup;
			children = (
				28D5CFB01DAE19B10080D9DD /* Base */,
			);
			name = LaunchScreen.storyboard;
			sourceTree = "<group>";
		};
/* End PBXVariantGroup section */

/* Begin XCBuildConfiguration section */
		28D5CFB31DAE19B10080D9DD /* Debug */ = {
			isa = XCBuildConfiguration;
			buildSettings = {
				ALWAYS_SEARCH_USER_PATHS = NO;
				CLANG_ANALYZER_LOCALIZABILITY_NONLOCALIZED = YES;
				CLANG_ANALYZER_NONNULL = YES;
				CLANG_CXX_LANGUAGE_STANDARD = "gnu++0x";
				CLANG_CXX_LIBRARY = "libc++";
				CLANG_ENABLE_MODULES = YES;
				CLANG_ENABLE_OBJC_ARC = YES;
				CLANG_WARN_BLOCK_CAPTURE_AUTORELEASING = YES;
				CLANG_WARN_BOOL_CONVERSION = YES;
				CLANG_WARN_COMMA = YES;
				CLANG_WARN_CONSTANT_CONVERSION = YES;
				CLANG_WARN_DEPRECATED_OBJC_IMPLEMENTATIONS = YES;
				CLANG_WARN_DIRECT_OBJC_ISA_USAGE = YES_ERROR;
				CLANG_WARN_DOCUMENTATION_COMMENTS = YES;
				CLANG_WARN_EMPTY_BODY = YES;
				CLANG_WARN_ENUM_CONVERSION = YES;
				CLANG_WARN_INFINITE_RECURSION = YES;
				CLANG_WARN_INT_CONVERSION = YES;
				CLANG_WARN_NON_LITERAL_NULL_CONVERSION = YES;
				CLANG_WARN_OBJC_IMPLICIT_RETAIN_SELF = YES;
				CLANG_WARN_OBJC_LITERAL_CONVERSION = YES;
				CLANG_WARN_OBJC_ROOT_CLASS = YES_ERROR;
				CLANG_WARN_QUOTED_INCLUDE_IN_FRAMEWORK_HEADER = YES;
				CLANG_WARN_RANGE_LOOP_ANALYSIS = YES;
				CLANG_WARN_STRICT_PROTOTYPES = YES;
				CLANG_WARN_SUSPICIOUS_MOVE = YES;
				CLANG_WARN_SUSPICIOUS_MOVES = YES;
				CLANG_WARN_UNREACHABLE_CODE = YES;
				CLANG_WARN__DUPLICATE_METHOD_MATCH = YES;
				"CODE_SIGN_IDENTITY[sdk=iphoneos*]" = "iPhone Developer";
				COPY_PHASE_STRIP = NO;
				DEBUG_INFORMATION_FORMAT = dwarf;
				ENABLE_STRICT_OBJC_MSGSEND = YES;
				ENABLE_TESTABILITY = YES;
				GCC_C_LANGUAGE_STANDARD = gnu99;
				GCC_DYNAMIC_NO_PIC = NO;
				GCC_NO_COMMON_BLOCKS = YES;
				GCC_OPTIMIZATION_LEVEL = 0;
				GCC_PREPROCESSOR_DEFINITIONS = (
					"DEBUG=1",
					"$(inherited)",
				);
				GCC_WARN_64_TO_32_BIT_CONVERSION = YES;
				GCC_WARN_ABOUT_RETURN_TYPE = YES_ERROR;
				GCC_WARN_UNDECLARED_SELECTOR = YES;
				GCC_WARN_UNINITIALIZED_AUTOS = YES_AGGRESSIVE;
				GCC_WARN_UNUSED_FUNCTION = YES;
				GCC_WARN_UNUSED_VARIABLE = YES;
				IPHONEOS_DEPLOYMENT_TARGET = 12.0;
				MTL_ENABLE_DEBUG_INFO = YES;
				ONLY_ACTIVE_ARCH = YES;
				SDKROOT = iphoneos;
				SWIFT_ACTIVE_COMPILATION_CONDITIONS = DEBUG;
				SWIFT_OPTIMIZATION_LEVEL = "-Onone";
				TARGETED_DEVICE_FAMILY = "1,2";
			};
			name = Debug;
		};
		28D5CFB41DAE19B10080D9DD /* Release */ = {
			isa = XCBuildConfiguration;
			buildSettings = {
				ALWAYS_SEARCH_USER_PATHS = NO;
				CLANG_ANALYZER_LOCALIZABILITY_NONLOCALIZED = YES;
				CLANG_ANALYZER_NONNULL = YES;
				CLANG_CXX_LANGUAGE_STANDARD = "gnu++0x";
				CLANG_CXX_LIBRARY = "libc++";
				CLANG_ENABLE_MODULES = YES;
				CLANG_ENABLE_OBJC_ARC = YES;
				CLANG_WARN_BLOCK_CAPTURE_AUTORELEASING = YES;
				CLANG_WARN_BOOL_CONVERSION = YES;
				CLANG_WARN_COMMA = YES;
				CLANG_WARN_CONSTANT_CONVERSION = YES;
				CLANG_WARN_DEPRECATED_OBJC_IMPLEMENTATIONS = YES;
				CLANG_WARN_DIRECT_OBJC_ISA_USAGE = YES_ERROR;
				CLANG_WARN_DOCUMENTATION_COMMENTS = YES;
				CLANG_WARN_EMPTY_BODY = YES;
				CLANG_WARN_ENUM_CONVERSION = YES;
				CLANG_WARN_INFINITE_RECURSION = YES;
				CLANG_WARN_INT_CONVERSION = YES;
				CLANG_WARN_NON_LITERAL_NULL_CONVERSION = YES;
				CLANG_WARN_OBJC_IMPLICIT_RETAIN_SELF = YES;
				CLANG_WARN_OBJC_LITERAL_CONVERSION = YES;
				CLANG_WARN_OBJC_ROOT_CLASS = YES_ERROR;
				CLANG_WARN_QUOTED_INCLUDE_IN_FRAMEWORK_HEADER = YES;
				CLANG_WARN_RANGE_LOOP_ANALYSIS = YES;
				CLANG_WARN_STRICT_PROTOTYPES = YES;
				CLANG_WARN_SUSPICIOUS_MOVE = YES;
				CLANG_WARN_SUSPICIOUS_MOVES = YES;
				CLANG_WARN_UNREACHABLE_CODE = YES;
				CLANG_WARN__DUPLICATE_METHOD_MATCH = YES;
				"CODE_SIGN_IDENTITY[sdk=iphoneos*]" = "iPhone Developer";
				COPY_PHASE_STRIP = NO;
				DEBUG_INFORMATION_FORMAT = "dwarf-with-dsym";
				ENABLE_NS_ASSERTIONS = NO;
				ENABLE_STRICT_OBJC_MSGSEND = YES;
				GCC_C_LANGUAGE_STANDARD = gnu99;
				GCC_NO_COMMON_BLOCKS = YES;
				GCC_WARN_64_TO_32_BIT_CONVERSION = YES;
				GCC_WARN_ABOUT_RETURN_TYPE = YES_ERROR;
				GCC_WARN_UNDECLARED_SELECTOR = YES;
				GCC_WARN_UNINITIALIZED_AUTOS = YES_AGGRESSIVE;
				GCC_WARN_UNUSED_FUNCTION = YES;
				GCC_WARN_UNUSED_VARIABLE = YES;
				IPHONEOS_DEPLOYMENT_TARGET = 12.0;
				MTL_ENABLE_DEBUG_INFO = NO;
				SDKROOT = iphoneos;
				SWIFT_OPTIMIZATION_LEVEL = "-Owholemodule";
				TARGETED_DEVICE_FAMILY = "1,2";
				VALIDATE_PRODUCT = YES;
			};
			name = Release;
		};
		28D5CFB61DAE19B10080D9DD /* Debug */ = {
			isa = XCBuildConfiguration;
			buildSettings = {
				ASSETCATALOG_COMPILER_APPICON_NAME = AppIcon;
				DEVELOPMENT_TEAM = CKUF38R4M7;
				INFOPLIST_FILE = AutolayoutTestTwo/Info.plist;
				LD_RUNPATH_SEARCH_PATHS = "$(inherited) @executable_path/Frameworks";
				PRODUCT_BUNDLE_IDENTIFIER = jaki.AutolayoutTestTwo;
				PRODUCT_NAME = "$(TARGET_NAME)";
				SWIFT_VERSION = 5.0;
			};
			name = Debug;
		};
		28D5CFB71DAE19B10080D9DD /* Release */ = {
			isa = XCBuildConfiguration;
			buildSettings = {
				ASSETCATALOG_COMPILER_APPICON_NAME = AppIcon;
				DEVELOPMENT_TEAM = CKUF38R4M7;
				INFOPLIST_FILE = AutolayoutTestTwo/Info.plist;
				LD_RUNPATH_SEARCH_PATHS = "$(inherited) @executable_path/Frameworks";
				PRODUCT_BUNDLE_IDENTIFIER = jaki.AutolayoutTestTwo;
				PRODUCT_NAME = "$(TARGET_NAME)";
				SWIFT_VERSION = 5.0;
			};
			name = Release;
		};
/* End XCBuildConfiguration section */

/* Begin XCConfigurationList section */
		28D5CF9E1DAE19B10080D9DD /* Build configuration list for PBXProject "AutolayoutTestTwo" */ = {
			isa = XCConfigurationList;
			buildConfigurations = (
				28D5CFB31DAE19B10080D9DD /* Debug */,
				28D5CFB41DAE19B10080D9DD /* Release */,
			);
			defaultConfigurationIsVisible = 0;
			defaultConfigurationName = Release;
		};
		28D5CFB51DAE19B10080D9DD /* Build configuration list for PBXNativeTarget "AutolayoutTestTwo" */ = {
			isa = XCConfigurationList;
			buildConfigurations = (
				28D5CFB61DAE19B10080D9DD /* Debug */,
				28D5CFB71DAE19B10080D9DD /* Release */,
			);
			defaultConfigurationIsVisible = 0;
			defaultConfigurationName = Release;
		};
/* End XCConfigurationList section */
	};
	rootObject = 28D5CF9B1DAE19B10080D9DD /* Project object */;
}
